
Microsoft Visual Studio Solution File, Format Version 12.00
# Visual Studio Version 17
VisualStudioVersion = 17.14.36401.2 d17.14
MinimumVisualStudioVersion = 10.0.40219.1
Project("{FAE04EC0-301F-11D3-BF4B-00C04F79EFBC}") = "LabDash", "LabDash\LabDash.csproj", "{B0E30ADC-BFE1-4D5E-9177-C2A2A8212587}"
EndProject
Global
	GlobalSection(SolutionConfigurationPlatforms) = preSolution
		Debug|Any CPU = Debug|Any CPU
		Release|Any CPU = Release|Any CPU
	EndGlobalSection
	GlobalSection(ProjectConfigurationPlatforms) = postSolution
		{B0E30ADC-BFE1-4D5E-9177-C2A2A8212587}.Debug|Any CPU.ActiveCfg = Debug|Any CPU
		{B0E30ADC-BFE1-4D5E-9177-C2A2A8212587}.Debug|Any CPU.Build.0 = Debug|Any CPU
		{B0E30ADC-BFE1-4D5E-9177-C2A2A8212587}.Release|Any CPU.ActiveCfg = Release|Any CPU
		{B0E30ADC-BFE1-4D5E-9177-C2A2A8212587}.Release|Any CPU.Build.0 = Release|Any CPU
	EndGlobalSection
	GlobalSection(SolutionProperties) = preSolution
		HideSolutionNode = FALSE
	EndGlobalSection
	GlobalSection(ExtensibilityGlobals) = postSolution
		SolutionGuid = {CD889031-C62E-4075-B734-A9383602FBF3}
	EndGlobalSection
EndGlobal
